
Microsoft Visual Studio Solution File, Format Version 12.00
# Visual Studio 15
VisualStudioVersion = 15.0.27428.2043
MinimumVisualStudioVersion = 10.0.40219.1
Project("{FAE04EC0-301F-11D3-BF4B-00C04F79EFBC}") = "AzureServiceBus", "AzureServiceBus\AzureServiceBus.csproj", "{CD732769-31DA-497A-9D14-9B8A7F0FE861}"
EndProject
Global
	GlobalSection(SolutionConfigurationPlatforms) = preSolution
		Debug|Any CPU = Debug|Any CPU
		Release|Any CPU = Release|Any CPU
	EndGlobalSection
	GlobalSection(ProjectConfigurationPlatforms) = postSolution
		{CD732769-31DA-497A-9D14-9B8A7F0FE861}.Debug|Any CPU.ActiveCfg = Debug|Any CPU
		{CD732769-31DA-497A-9D14-9B8A7F0FE861}.Debug|Any CPU.Build.0 = Debug|Any CPU
		{CD732769-31DA-497A-9D14-9B8A7F0FE861}.Release|Any CPU.ActiveCfg = Release|Any CPU
		{CD732769-31DA-497A-9D14-9B8A7F0FE861}.Release|Any CPU.Build.0 = Release|Any CPU
	EndGlobalSection
	GlobalSection(SolutionProperties) = preSolution
		HideSolutionNode = FALSE
	EndGlobalSection
	GlobalSection(ExtensibilityGlobals) = postSolution
		SolutionGuid = {871A7EF0-84D9-4850-B6C5-E73BD5FC5B78}
	EndGlobalSection
EndGlobal
